{
  "name": "ipos-desktop",
  "version": "0.1.0",
  "lockfileVersion": 1,
  "requires": true,
  "dependencies": {
    "@types/estree": {
      "version": "0.0.39",
      "resolved": "https://registry.npmjs.org/@types/estree/-/estree-0.0.39.tgz",
      "integrity": "sha512-EYNwp3bU+98cpU4lAWYYL7Zz+2gryWH1qbdDTidVd6hkiR6weksdbMadyXKXNPEkQFhXM+hVO9ZygomHXp+AIw==",
      "dev": true
    },
    "@types/node": {
      "version": "10.3.0",
      "resolved": "https://registry.npmjs.org/@types/node/-/node-10.3.0.tgz",
      "integrity": "sha512-hWzNviaVFIr1TqcRA8ou49JaSHp+Rfabmnqg2kNvusKqLhPU0rIsGPUj5WJJ7ld4Bb7qdgLmIhLfCD1qS08IVA==",
      "dev": true
    },
    "PubSub": {
      "version": "3.4.0",
      "resolved": "https://registry.npmjs.org/PubSub/-/PubSub-3.4.0.tgz",
      "integrity": "sha1-hf8XODd4HLp9vqClSMVvwQwEN4Y="
    },
    "debug": {
      "version": "2.6.9",
      "resolved": "https://registry.npmjs.org/debug/-/debug-2.6.9.tgz",
      "integrity": "sha512-bC7ElrdJaJnPbAP+1EotYvqZsb3ecl5wi6Bfi6BJTUcNowp6cvspg0jXznRTKDjm/E7AdgFBVeAPVMNcKGsHMA==",
      "requires": {
        "ms": "2.0.0"
      }
    },
    "is-typedarray": {
      "version": "1.0.0",
      "resolved": "https://registry.npmjs.org/is-typedarray/-/is-typedarray-1.0.0.tgz",
      "integrity": "sha1-5HnICFjfDBsR3dppQPlgEfzaSpo="
    },
    "little-pubsub": {
      "version": "0.1.0",
      "resolved": "https://registry.npmjs.org/little-pubsub/-/little-pubsub-0.1.0.tgz",
      "integrity": "sha512-LQ7E+rnSbsCKlfyHnEr6vxbK2m0ihKAYmXzQXlgUHIVfMrE7Jxhtbvt2zFy+cfvGlvOsGoydXzPGmxQ70lBE2g=="
    },
    "ms": {
      "version": "2.0.0",
      "resolved": "https://registry.npmjs.org/ms/-/ms-2.0.0.tgz",
      "integrity": "sha1-VgiurfwAvmwpAd9fmGF4jeDVl8g="
    },
    "nan": {
      "version": "2.10.0",
      "resolved": "https://registry.npmjs.org/nan/-/nan-2.10.0.tgz",
      "integrity": "sha512-bAdJv7fBLhWC+/Bls0Oza+mvTaNQtP+1RyhhhvD95pgUJz6XM5IzgmxOkItJ9tkoCiplvAnXI1tNmmUD/eScyA=="
    },
    "rollup": {
      "version": "0.59.4",
      "resolved": "https://registry.npmjs.org/rollup/-/rollup-0.59.4.tgz",
      "integrity": "sha512-ISiMqq/aJa+57QxX2MRcvLESHdJ7wSavmr6U1euMr+6UgFe6KM+3QANrYy8LQofwhTC1I7BcAdlLnDiaODs1BA==",
      "dev": true,
      "requires": {
        "@types/estree": "0.0.39",
        "@types/node": "10.3.0"
      }
    },
    "socket-request": {
      "version": "0.1.2",
      "resolved": "https://registry.npmjs.org/socket-request/-/socket-request-0.1.2.tgz",
      "integrity": "sha512-J8cDUy8WgDosKWd0xhPgTZFYqWMRQ6GItZzPx4PppNP2/9xnJPxXqYUuVPqU5l46DTT/mTwtyP9Qb5CGMQfeAA==",
      "requires": {
        "PubSub": "3.4.0",
        "socket-request-client": "0.1.5",
        "websocket": "1.0.26"
      }
    },
    "socket-request-client": {
      "version": "0.1.5",
      "resolved": "https://registry.npmjs.org/socket-request-client/-/socket-request-client-0.1.5.tgz",
      "integrity": "sha512-Xwi8C1OxtV5aSjB2GsIKS7cPIjDo7TiyS9RrK6sad/s4oVHl2nzKAl+EAUWTczwog4S+V1xhnkmM2pvlNDiHzQ==",
      "requires": {
        "little-pubsub": "0.1.0",
        "websocket": "1.0.26"
      }
    },
    "typedarray-to-buffer": {
      "version": "3.1.5",
      "resolved": "https://registry.npmjs.org/typedarray-to-buffer/-/typedarray-to-buffer-3.1.5.tgz",
      "integrity": "sha512-zdu8XMNEDepKKR+XYOXAVPtWui0ly0NtohUscw+UmaHiAWT8hrV1rr//H6V+0DvJ3OQ19S979M0laLfX8rm82Q==",
      "requires": {
        "is-typedarray": "1.0.0"
      }
    },
    "websocket": {
      "version": "1.0.26",
      "resolved": "https://registry.npmjs.org/websocket/-/websocket-1.0.26.tgz",
      "integrity": "sha512-fjcrYDPIQxpTnqFQ9JjxUQcdvR89MFAOjPBlF+vjOt49w/XW4fJknUoMz/mDIn2eK1AdslVojcaOxOqyZZV8rw==",
      "requires": {
        "debug": "2.6.9",
        "nan": "2.10.0",
        "typedarray-to-buffer": "3.1.5",
        "yaeti": "0.0.6"
      }
    },
    "yaeti": {
      "version": "0.0.6",
      "resolved": "https://registry.npmjs.org/yaeti/-/yaeti-0.0.6.tgz",
      "integrity": "sha1-8m9ITXJoTPQr7ft2lwqhYI+/lXc="
    }
  }
}
