{
  "name": "ipos-system",
  "version": "0.1.0",
  "lockfileVersion": 1,
  "requires": true,
  "dependencies": {
    "backed": {
      "version": "0.12.2",
      "resolved": "https://registry.npmjs.org/backed/-/backed-0.12.2.tgz",
      "integrity": "sha512-6XVdW7wMXUl3RwnKe/P6dUXuGCS5nHQ8/odSXeVlduPaYHda9dwZAAZQ0/Ij5D+SHPISiZzQjHenYCCm6tUIwA=="
    },
    "custom-html-tag": {
      "version": "1.0.0",
      "resolved": "https://registry.npmjs.org/custom-html-tag/-/custom-html-tag-1.0.0.tgz",
      "integrity": "sha512-CkF7v6Aj1F2t1/FMsNwJQD3+tjoRauB3IdOC0wQfytfFA3HFya5u6nCIgXE9ipq2mCrJftJZh62TGmmPAdy2kQ=="
    },
    "custom-renderer": {
      "version": "1.0.0",
      "resolved": "https://registry.npmjs.org/custom-renderer/-/custom-renderer-1.0.0.tgz",
      "integrity": "sha512-sOIfIkG8hOLB229Odb4jCM3XKDPN60sSLQZEOYdU13YN/PWdOt641DeidbyrsvyyjXb+DFH/iErGjSWPPszCdQ=="
    },
    "custom-renderer-mixin": {
      "version": "1.0.1",
      "resolved": "https://registry.npmjs.org/custom-renderer-mixin/-/custom-renderer-mixin-1.0.1.tgz",
      "integrity": "sha512-W6zy1u4j+OAgyeLvD8aPlE+z5gifny/1JOqO7WyKD5hotbwrQ+pYBq4tEFqZGGyOk7uPZ3hx2sJq+r4EnKVFNg==",
      "requires": {
        "custom-html-tag": "1.0.0",
        "custom-renderer": "1.0.0"
      }
    },
    "little-pubsub": {
      "version": "0.2.0",
      "resolved": "https://registry.npmjs.org/little-pubsub/-/little-pubsub-0.2.0.tgz",
      "integrity": "sha512-oDv3RcJ2tghEGWg4Mxcu8uKA+c5akg/MUB5TsGG1f+Uql2yAVEDZuONg9Z1LtixraG5ta0LlHEunjPAD8eoHSg=="
    }
  }
}
